
Microsoft Visual Studio Solution File, Format Version 12.00
# Visual Studio Version 16
VisualStudioVersion = 16.0.31025.194
MinimumVisualStudioVersion = 10.0.40219.1
Project("{FAE04EC0-301F-11D3-BF4B-00C04F79EFBC}") = "ExplorerWPF", "ExplorerWPF\ExplorerWPF.csproj", "{66326AB9-B1EB-413F-A290-F1F3B89FF556}"
EndProject
Global
	GlobalSection(SolutionConfigurationPlatforms) = preSolution
		Debug|Any CPU = Debug|Any CPU
		Release|Any CPU = Release|Any CPU
	EndGlobalSection
	GlobalSection(ProjectConfigurationPlatforms) = postSolution
		{66326AB9-B1EB-413F-A290-F1F3B89FF556}.Debug|Any CPU.ActiveCfg = Debug|Any CPU
		{66326AB9-B1EB-413F-A290-F1F3B89FF556}.Debug|Any CPU.Build.0 = Debug|Any CPU
		{66326AB9-B1EB-413F-A290-F1F3B89FF556}.Release|Any CPU.ActiveCfg = Release|Any CPU
		{66326AB9-B1EB-413F-A290-F1F3B89FF556}.Release|Any CPU.Build.0 = Release|Any CPU
	EndGlobalSection
	GlobalSection(SolutionProperties) = preSolution
		HideSolutionNode = FALSE
	EndGlobalSection
	GlobalSection(ExtensibilityGlobals) = postSolution
		SolutionGuid = {929BCF9B-6DD7-48E1-A12E-4716F8807880}
	EndGlobalSection
EndGlobal
